
Microsoft Visual Studio Solution File, Format Version 12.00
# Visual Studio 15
VisualStudioVersion = 15.0.28307.136
MinimumVisualStudioVersion = 10.0.40219.1
Project("{FAE04EC0-301F-11D3-BF4B-00C04F79EFBC}") = "Min_Helpers", "Min_Helpers\Min_Helpers.csproj", "{93C5B34E-7F43-4D04-986E-ECE403D7F60C}"
EndProject
Global
	GlobalSection(SolutionConfigurationPlatforms) = preSolution
		Debug|Any CPU = Debug|Any CPU
		Release|Any CPU = Release|Any CPU
	EndGlobalSection
	GlobalSection(ProjectConfigurationPlatforms) = postSolution
		{93C5B34E-7F43-4D04-986E-ECE403D7F60C}.Debug|Any CPU.ActiveCfg = Debug|Any CPU
		{93C5B34E-7F43-4D04-986E-ECE403D7F60C}.Debug|Any CPU.Build.0 = Debug|Any CPU
		{93C5B34E-7F43-4D04-986E-ECE403D7F60C}.Release|Any CPU.ActiveCfg = Release|Any CPU
		{93C5B34E-7F43-4D04-986E-ECE403D7F60C}.Release|Any CPU.Build.0 = Release|Any CPU
	EndGlobalSection
	GlobalSection(SolutionProperties) = preSolution
		HideSolutionNode = FALSE
	EndGlobalSection
	GlobalSection(ExtensibilityGlobals) = postSolution
		SolutionGuid = {0163309D-5EFE-4A4E-8518-57FAF54FD939}
	EndGlobalSection
EndGlobal
